
Microsoft Visual Studio Solution File, Format Version 11.00
# Visual Studio 2010
Project("{FAE04EC0-301F-11D3-BF4B-00C04F79EFBC}") = "Zongsoft.Web", "Zongsoft.Web.csproj", "{C52284E1-29E2-4676-8A88-CD7C8BA0CB4D}"
EndProject
Global
	GlobalSection(SolutionConfigurationPlatforms) = preSolution
		Debug|Any CPU = Debug|Any CPU
		Release|Any CPU = Release|Any CPU
	EndGlobalSection
	GlobalSection(ProjectConfigurationPlatforms) = postSolution
		{C52284E1-29E2-4676-8A88-CD7C8BA0CB4D}.Debug|Any CPU.ActiveCfg = Debug|Any CPU
		{C52284E1-29E2-4676-8A88-CD7C8BA0CB4D}.Debug|Any CPU.Build.0 = Debug|Any CPU
		{C52284E1-29E2-4676-8A88-CD7C8BA0CB4D}.Release|Any CPU.ActiveCfg = Release|Any CPU
		{C52284E1-29E2-4676-8A88-CD7C8BA0CB4D}.Release|Any CPU.Build.0 = Release|Any CPU
	EndGlobalSection
	GlobalSection(SolutionProperties) = preSolution
		HideSolutionNode = FALSE
	EndGlobalSection
EndGlobal
